
Microsoft Visual Studio Solution File, Format Version 12.00
# Visual Studio 15
VisualStudioVersion = 15.0.26430.14
MinimumVisualStudioVersion = 10.0.40219.1
Project("{FAE04EC0-301F-11D3-BF4B-00C04F79EFBC}") = "KidsapWebApi", "KidsapWebApi\KidsapWebApi.csproj", "{7D133E13-B15F-46FF-8BFD-82660880EC91}"
	ProjectSection(ProjectDependencies) = postProject
		{68435547-D818-4E80-A95F-0F9A2130649D} = {68435547-D818-4E80-A95F-0F9A2130649D}
		{49457F66-FFFA-452F-935E-125010BCC797} = {49457F66-FFFA-452F-935E-125010BCC797}
		{6705F56B-C8E5-40EE-9BF7-873325380BA0} = {6705F56B-C8E5-40EE-9BF7-873325380BA0}
		{7F771DB2-9646-4898-9BDB-37EC909C502E} = {7F771DB2-9646-4898-9BDB-37EC909C502E}
	EndProjectSection
EndProject
Project("{FAE04EC0-301F-11D3-BF4B-00C04F79EFBC}") = "KidsapWebApi.Tests", "KidsapWebApi.Tests\KidsapWebApi.Tests.csproj", "{F5278694-79AB-40C9-AF8F-67CCFF25FAD0}"
EndProject
Project("{FAE04EC0-301F-11D3-BF4B-00C04F79EFBC}") = "BusinessLogic", "BusinessLogic\BusinessLogic.csproj", "{49457F66-FFFA-452F-935E-125010BCC797}"
	ProjectSection(ProjectDependencies) = postProject
		{6705F56B-C8E5-40EE-9BF7-873325380BA0} = {6705F56B-C8E5-40EE-9BF7-873325380BA0}
		{7F771DB2-9646-4898-9BDB-37EC909C502E} = {7F771DB2-9646-4898-9BDB-37EC909C502E}
		{1646C5E8-641D-4780-BC89-3F9BFCC376FA} = {1646C5E8-641D-4780-BC89-3F9BFCC376FA}
	EndProjectSection
EndProject
Project("{FAE04EC0-301F-11D3-BF4B-00C04F79EFBC}") = "Repository", "Repository\Repository.csproj", "{1646C5E8-641D-4780-BC89-3F9BFCC376FA}"
	ProjectSection(ProjectDependencies) = postProject
		{0E41275D-EB37-4786-869F-6D23D80C16D8} = {0E41275D-EB37-4786-869F-6D23D80C16D8}
		{6705F56B-C8E5-40EE-9BF7-873325380BA0} = {6705F56B-C8E5-40EE-9BF7-873325380BA0}
		{7F771DB2-9646-4898-9BDB-37EC909C502E} = {7F771DB2-9646-4898-9BDB-37EC909C502E}
	EndProjectSection
EndProject
Project("{FAE04EC0-301F-11D3-BF4B-00C04F79EFBC}") = "ViewModel", "ViewModel\ViewModel.csproj", "{6705F56B-C8E5-40EE-9BF7-873325380BA0}"
EndProject
Project("{FAE04EC0-301F-11D3-BF4B-00C04F79EFBC}") = "EntityModel", "EntityModel\EntityModel.csproj", "{0E41275D-EB37-4786-869F-6D23D80C16D8}"
EndProject
Project("{FAE04EC0-301F-11D3-BF4B-00C04F79EFBC}") = "SettingConstant", "SettingConstant\SettingConstant.csproj", "{7F771DB2-9646-4898-9BDB-37EC909C502E}"
EndProject
Project("{FAE04EC0-301F-11D3-BF4B-00C04F79EFBC}") = "DependencyResolver", "DependencyResolver\DependencyResolver.csproj", "{68435547-D818-4E80-A95F-0F9A2130649D}"
	ProjectSection(ProjectDependencies) = postProject
		{49457F66-FFFA-452F-935E-125010BCC797} = {49457F66-FFFA-452F-935E-125010BCC797}
		{6705F56B-C8E5-40EE-9BF7-873325380BA0} = {6705F56B-C8E5-40EE-9BF7-873325380BA0}
		{1646C5E8-641D-4780-BC89-3F9BFCC376FA} = {1646C5E8-641D-4780-BC89-3F9BFCC376FA}
	EndProjectSection
EndProject
Global
	GlobalSection(SolutionConfigurationPlatforms) = preSolution
		Debug|Any CPU = Debug|Any CPU
		Release|Any CPU = Release|Any CPU
	EndGlobalSection
	GlobalSection(ProjectConfigurationPlatforms) = postSolution
		{7D133E13-B15F-46FF-8BFD-82660880EC91}.Debug|Any CPU.ActiveCfg = Debug|Any CPU
		{7D133E13-B15F-46FF-8BFD-82660880EC91}.Debug|Any CPU.Build.0 = Debug|Any CPU
		{7D133E13-B15F-46FF-8BFD-82660880EC91}.Release|Any CPU.ActiveCfg = Release|Any CPU
		{7D133E13-B15F-46FF-8BFD-82660880EC91}.Release|Any CPU.Build.0 = Release|Any CPU
		{F5278694-79AB-40C9-AF8F-67CCFF25FAD0}.Debug|Any CPU.ActiveCfg = Debug|Any CPU
		{F5278694-79AB-40C9-AF8F-67CCFF25FAD0}.Debug|Any CPU.Build.0 = Debug|Any CPU
		{F5278694-79AB-40C9-AF8F-67CCFF25FAD0}.Release|Any CPU.ActiveCfg = Release|Any CPU
		{F5278694-79AB-40C9-AF8F-67CCFF25FAD0}.Release|Any CPU.Build.0 = Release|Any CPU
		{49457F66-FFFA-452F-935E-125010BCC797}.Debug|Any CPU.ActiveCfg = Debug|Any CPU
		{49457F66-FFFA-452F-935E-125010BCC797}.Debug|Any CPU.Build.0 = Debug|Any CPU
		{49457F66-FFFA-452F-935E-125010BCC797}.Release|Any CPU.ActiveCfg = Release|Any CPU
		{49457F66-FFFA-452F-935E-125010BCC797}.Release|Any CPU.Build.0 = Release|Any CPU
		{1646C5E8-641D-4780-BC89-3F9BFCC376FA}.Debug|Any CPU.ActiveCfg = Debug|Any CPU
		{1646C5E8-641D-4780-BC89-3F9BFCC376FA}.Debug|Any CPU.Build.0 = Debug|Any CPU
		{1646C5E8-641D-4780-BC89-3F9BFCC376FA}.Release|Any CPU.ActiveCfg = Release|Any CPU
		{1646C5E8-641D-4780-BC89-3F9BFCC376FA}.Release|Any CPU.Build.0 = Release|Any CPU
		{6705F56B-C8E5-40EE-9BF7-873325380BA0}.Debug|Any CPU.ActiveCfg = Debug|Any CPU
		{6705F56B-C8E5-40EE-9BF7-873325380BA0}.Debug|Any CPU.Build.0 = Debug|Any CPU
		{6705F56B-C8E5-40EE-9BF7-873325380BA0}.Release|Any CPU.ActiveCfg = Release|Any CPU
		{6705F56B-C8E5-40EE-9BF7-873325380BA0}.Release|Any CPU.Build.0 = Release|Any CPU
		{0E41275D-EB37-4786-869F-6D23D80C16D8}.Debug|Any CPU.ActiveCfg = Debug|Any CPU
		{0E41275D-EB37-4786-869F-6D23D80C16D8}.Debug|Any CPU.Build.0 = Debug|Any CPU
		{0E41275D-EB37-4786-869F-6D23D80C16D8}.Release|Any CPU.ActiveCfg = Release|Any CPU
		{0E41275D-EB37-4786-869F-6D23D80C16D8}.Release|Any CPU.Build.0 = Release|Any CPU
		{7F771DB2-9646-4898-9BDB-37EC909C502E}.Debug|Any CPU.ActiveCfg = Debug|Any CPU
		{7F771DB2-9646-4898-9BDB-37EC909C502E}.Debug|Any CPU.Build.0 = Debug|Any CPU
		{7F771DB2-9646-4898-9BDB-37EC909C502E}.Release|Any CPU.ActiveCfg = Release|Any CPU
		{7F771DB2-9646-4898-9BDB-37EC909C502E}.Release|Any CPU.Build.0 = Release|Any CPU
		{68435547-D818-4E80-A95F-0F9A2130649D}.Debug|Any CPU.ActiveCfg = Debug|Any CPU
		{68435547-D818-4E80-A95F-0F9A2130649D}.Debug|Any CPU.Build.0 = Debug|Any CPU
		{68435547-D818-4E80-A95F-0F9A2130649D}.Release|Any CPU.ActiveCfg = Release|Any CPU
		{68435547-D818-4E80-A95F-0F9A2130649D}.Release|Any CPU.Build.0 = Release|Any CPU
	EndGlobalSection
	GlobalSection(SolutionProperties) = preSolution
		HideSolutionNode = FALSE
	EndGlobalSection
EndGlobal
